
Microsoft Visual Studio Solution File, Format Version 12.00
# Visual Studio Version 17
VisualStudioVersion = 17.6.33723.286
MinimumVisualStudioVersion = 10.0.40219.1
Project("{FAE04EC0-301F-11D3-BF4B-00C04F79EFBC}") = "HelloWorld", "HelloWorld\HelloWorld.csproj", "{CAB18A59-EAC6-4FBE-AE7C-02AB2D263A6C}"
EndProject
Global
	GlobalSection(SolutionConfigurationPlatforms) = preSolution
		Debug|Any CPU = Debug|Any CPU
		Release|Any CPU = Release|Any CPU
	EndGlobalSection
	GlobalSection(ProjectConfigurationPlatforms) = postSolution
		{CAB18A59-EAC6-4FBE-AE7C-02AB2D263A6C}.Debug|Any CPU.ActiveCfg = Debug|Any CPU
		{CAB18A59-EAC6-4FBE-AE7C-02AB2D263A6C}.Debug|Any CPU.Build.0 = Debug|Any CPU
		{CAB18A59-EAC6-4FBE-AE7C-02AB2D263A6C}.Release|Any CPU.ActiveCfg = Release|Any CPU
		{CAB18A59-EAC6-4FBE-AE7C-02AB2D263A6C}.Release|Any CPU.Build.0 = Release|Any CPU
	EndGlobalSection
	GlobalSection(SolutionProperties) = preSolution
		HideSolutionNode = FALSE
	EndGlobalSection
	GlobalSection(ExtensibilityGlobals) = postSolution
		SolutionGuid = {5D1FB3A0-C8B6-463F-83D1-2E8C8F6D7EF9}
	EndGlobalSection
EndGlobal
