
Microsoft Visual Studio Solution File, Format Version 12.00
# Visual Studio Version 17
VisualStudioVersion = 17.6.33723.286
MinimumVisualStudioVersion = 10.0.40219.1
Project("{FAE04EC0-301F-11D3-BF4B-00C04F79EFBC}") = "TaxiCompanyPricesFunction", "TaxiCompanyPricesFunction\TaxiCompanyPricesFunction.csproj", "{06638909-96A8-4E15-A3F8-4224BA7BFE21}"
EndProject
Global
	GlobalSection(SolutionConfigurationPlatforms) = preSolution
		Debug|Any CPU = Debug|Any CPU
		Release|Any CPU = Release|Any CPU
	EndGlobalSection
	GlobalSection(ProjectConfigurationPlatforms) = postSolution
		{06638909-96A8-4E15-A3F8-4224BA7BFE21}.Debug|Any CPU.ActiveCfg = Debug|Any CPU
		{06638909-96A8-4E15-A3F8-4224BA7BFE21}.Debug|Any CPU.Build.0 = Debug|Any CPU
		{06638909-96A8-4E15-A3F8-4224BA7BFE21}.Release|Any CPU.ActiveCfg = Release|Any CPU
		{06638909-96A8-4E15-A3F8-4224BA7BFE21}.Release|Any CPU.Build.0 = Release|Any CPU
	EndGlobalSection
	GlobalSection(SolutionProperties) = preSolution
		HideSolutionNode = FALSE
	EndGlobalSection
	GlobalSection(ExtensibilityGlobals) = postSolution
		SolutionGuid = {FB6A483A-3B45-498D-B829-B23ECA398401}
	EndGlobalSection
EndGlobal
